
Microsoft Visual Studio Solution File, Format Version 12.00
# Visual Studio Version 17
VisualStudioVersion = 17.10.35122.118
MinimumVisualStudioVersion = 10.0.40219.1
Project("{FAE04EC0-301F-11D3-BF4B-00C04F79EFBC}") = "ConsoleApp9", "ConsoleApp9\ConsoleApp9.csproj", "{EE61A647-0E1E-42DB-87BC-FF445B168F2E}"
EndProject
Global
	GlobalSection(SolutionConfigurationPlatforms) = preSolution
		Debug|Any CPU = Debug|Any CPU
		Release|Any CPU = Release|Any CPU
	EndGlobalSection
	GlobalSection(ProjectConfigurationPlatforms) = postSolution
		{EE61A647-0E1E-42DB-87BC-FF445B168F2E}.Debug|Any CPU.ActiveCfg = Debug|Any CPU
		{EE61A647-0E1E-42DB-87BC-FF445B168F2E}.Debug|Any CPU.Build.0 = Debug|Any CPU
		{EE61A647-0E1E-42DB-87BC-FF445B168F2E}.Release|Any CPU.ActiveCfg = Release|Any CPU
		{EE61A647-0E1E-42DB-87BC-FF445B168F2E}.Release|Any CPU.Build.0 = Release|Any CPU
	EndGlobalSection
	GlobalSection(SolutionProperties) = preSolution
		HideSolutionNode = FALSE
	EndGlobalSection
	GlobalSection(ExtensibilityGlobals) = postSolution
		SolutionGuid = {8622E080-5406-44CF-A33F-D1AD41C9AF8C}
	EndGlobalSection
EndGlobal
